
Microsoft Visual Studio Solution File, Format Version 12.00
# Visual Studio Version 17
VisualStudioVersion = 17.0.31903.59
MinimumVisualStudioVersion = 10.0.40219.1
Project("{FAE04EC0-301F-11D3-BF4B-00C04F79EFBC}") = "Lab2", "Lab2\Lab2.csproj", "{3AD0CB85-062C-44CE-9B2B-541FD4122ADB}"
EndProject
Global
	GlobalSection(SolutionConfigurationPlatforms) = preSolution
		Debug|Any CPU = Debug|Any CPU
		Release|Any CPU = Release|Any CPU
	EndGlobalSection
	GlobalSection(ProjectConfigurationPlatforms) = postSolution
		{3AD0CB85-062C-44CE-9B2B-541FD4122ADB}.Debug|Any CPU.ActiveCfg = Debug|Any CPU
		{3AD0CB85-062C-44CE-9B2B-541FD4122ADB}.Debug|Any CPU.Build.0 = Debug|Any CPU
		{3AD0CB85-062C-44CE-9B2B-541FD4122ADB}.Release|Any CPU.ActiveCfg = Release|Any CPU
		{3AD0CB85-062C-44CE-9B2B-541FD4122ADB}.Release|Any CPU.Build.0 = Release|Any CPU
	EndGlobalSection
	GlobalSection(SolutionProperties) = preSolution
		HideSolutionNode = FALSE
	EndGlobalSection
	GlobalSection(ExtensibilityGlobals) = postSolution
		SolutionGuid = {63ABE91E-DA37-406D-AA0D-4EC52E98DDB3}
	EndGlobalSection
EndGlobal
